// !$*UTF8*$!
{
	archiveVersion = 1;
	classes = {
	};
	objectVersion = 46;
	objects = {

/* Begin PBXBuildFile section */
		812161211D16CFEB00287C1C /* AppKit.framework in Frameworks */ = {isa = PBXBuildFile; fileRef = 812161201D16CFEB00287C1C /* AppKit.framework */; };
		812161261D16D3A900287C1C /* Panel.m in Sources */ = {isa = PBXBuildFile; fileRef = 812161251D16D3A900287C1C /* Panel.m */; };
		8121612A1D16D47400287C1C /* PanelController.m in Sources */ = {isa = PBXBuildFile; fileRef = 812161291D16D47400287C1C /* PanelController.m */; };
		CEAA333F1D56218100D46010 /* NSLabel.m in Sources */ = {isa = PBXBuildFile; fileRef = CEAA333E1D56218100D46010 /* NSLabel.m */; };
		CED0A9D01D085B83007B09B6 /* AppDelegate.m in Sources */ = {isa = PBXBuildFile; fileRef = CED0A9CF1D085B83007B09B6 /* AppDelegate.m */; };
		CED0A9D31D085B83007B09B6 /* main.m in Sources */ = {isa = PBXBuildFile; fileRef = CED0A9D21D085B83007B09B6 /* main.m */; };
		CED0A9D51D085B83007B09B6 /* Assets.xcassets in Resources */ = {isa = PBXBuildFile; fileRef = CED0A9D41D085B83007B09B6 /* Assets.xcassets */; };
		CED0A9D81D085B83007B09B6 /* MainMenu.xib in Resources */ = {isa = PBXBuildFile; fileRef = CED0A9D61D085B83007B09B6 /* MainMenu.xib */; };
		CED0A9E11D085F0E007B09B6 /* AutoLaunchHelper.m in Sources */ = {isa = PBXBuildFile; fileRef = CED0A9E01D085F0E007B09B6 /* AutoLaunchHelper.m */; };
		CED0A9E41D087288007B09B6 /* StatusItemView.m in Sources */ = {isa = PBXBuildFile; fileRef = CED0A9E31D087288007B09B6 /* StatusItemView.m */; };
		CED0A9E71D087663007B09B6 /* SystemThemeChangeHelper.m in Sources */ = {isa = PBXBuildFile; fileRef = CED0A9E61D087663007B09B6 /* SystemThemeChangeHelper.m */; };
		CED0A9EA1D0B2D2E007B09B6 /* MonitorTask.m in Sources */ = {isa = PBXBuildFile; fileRef = CED0A9E91D0B2D2E007B09B6 /* MonitorTask.m */; };
		CED0A9EC1D1E654A007B09B6 /* libtop.c in Sources */ = {isa = PBXBuildFile; fileRef = CED0A9EB1D1E654A007B09B6 /* libtop.c */; };
/* End PBXBuildFile section */

/* Begin PBXFileReference section */
		812161201D16CFEB00287C1C /* AppKit.framework */ = {isa = PBXFileReference; lastKnownFileType = wrapper.framework; name = AppKit.framework; path = System/Library/Frameworks/AppKit.framework; sourceTree = SDKROOT; };
		812161241D16D3A900287C1C /* Panel.h */ = {isa = PBXFileReference; fileEncoding = 4; lastKnownFileType = sourcecode.c.h; path = Panel.h; sourceTree = "<group>"; };
		812161251D16D3A900287C1C /* Panel.m */ = {isa = PBXFileReference; fileEncoding = 4; lastKnownFileType = sourcecode.c.objc; path = Panel.m; sourceTree = "<group>"; };
		812161281D16D47400287C1C /* PanelController.h */ = {isa = PBXFileReference; fileEncoding = 4; lastKnownFileType = sourcecode.c.h; path = PanelController.h; sourceTree = "<group>"; };
		812161291D16D47400287C1C /* PanelController.m */ = {isa = PBXFileReference; fileEncoding = 4; lastKnownFileType = sourcecode.c.objc; path = PanelController.m; sourceTree = "<group>"; };
		CEAA333D1D56218100D46010 /* NSLabel.h */ = {isa = PBXFileReference; fileEncoding = 4; lastKnownFileType = sourcecode.c.h; path = NSLabel.h; sourceTree = "<group>"; };
		CEAA333E1D56218100D46010 /* NSLabel.m */ = {isa = PBXFileReference; fileEncoding = 4; lastKnownFileType = sourcecode.c.objc; path = NSLabel.m; sourceTree = "<group>"; };
		CED0A9CB1D085B83007B09B6 /* iNetStat.app */ = {isa = PBXFileReference; explicitFileType = wrapper.application; includeInIndex = 0; path = iNetStat.app; sourceTree = BUILT_PRODUCTS_DIR; };
		CED0A9CE1D085B83007B09B6 /* AppDelegate.h */ = {isa = PBXFileReference; lastKnownFileType = sourcecode.c.h; path = AppDelegate.h; sourceTree = "<group>"; };
		CED0A9CF1D085B83007B09B6 /* AppDelegate.m */ = {isa = PBXFileReference; lastKnownFileType = sourcecode.c.objc; path = AppDelegate.m; sourceTree = "<group>"; };
		CED0A9D21D085B83007B09B6 /* main.m */ = {isa = PBXFileReference; lastKnownFileType = sourcecode.c.objc; path = main.m; sourceTree = "<group>"; };
		CED0A9D41D085B83007B09B6 /* Assets.xcassets */ = {isa = PBXFileReference; lastKnownFileType = folder.assetcatalog; path = Assets.xcassets; sourceTree = "<group>"; };
		CED0A9D71D085B83007B09B6 /* Base */ = {isa = PBXFileReference; lastKnownFileType = file.xib; name = Base; path = Base.lproj/MainMenu.xib; sourceTree = "<group>"; };
		CED0A9D91D085B83007B09B6 /* Info.plist */ = {isa = PBXFileReference; lastKnownFileType = text.plist.xml; path = Info.plist; sourceTree = "<group>"; };
		CED0A9DF1D085F0E007B09B6 /* AutoLaunchHelper.h */ = {isa = PBXFileReference; fileEncoding = 4; lastKnownFileType = sourcecode.c.h; path = AutoLaunchHelper.h; sourceTree = "<group>"; };
		CED0A9E01D085F0E007B09B6 /* AutoLaunchHelper.m */ = {isa = PBXFileReference; fileEncoding = 4; lastKnownFileType = sourcecode.c.objc; path = AutoLaunchHelper.m; sourceTree = "<group>"; };
		CED0A9E21D087288007B09B6 /* StatusItemView.h */ = {isa = PBXFileReference; fileEncoding = 4; lastKnownFileType = sourcecode.c.h; path = StatusItemView.h; sourceTree = "<group>"; };
		CED0A9E31D087288007B09B6 /* StatusItemView.m */ = {isa = PBXFileReference; fileEncoding = 4; lastKnownFileType = sourcecode.c.objc; path = StatusItemView.m; sourceTree = "<group>"; };
		CED0A9E51D087663007B09B6 /* SystemThemeChangeHelper.h */ = {isa = PBXFileReference; fileEncoding = 4; lastKnownFileType = sourcecode.c.h; path = SystemThemeChangeHelper.h; sourceTree = "<group>"; };
		CED0A9E61D087663007B09B6 /* SystemThemeChangeHelper.m */ = {isa = PBXFileReference; fileEncoding = 4; lastKnownFileType = sourcecode.c.objc; path = SystemThemeChangeHelper.m; sourceTree = "<group>"; };
		CED0A9E81D0B2D2E007B09B6 /* MonitorTask.h */ = {isa = PBXFileReference; fileEncoding = 4; lastKnownFileType = sourcecode.c.h; path = MonitorTask.h; sourceTree = "<group>"; };
		CED0A9E91D0B2D2E007B09B6 /* MonitorTask.m */ = {isa = PBXFileReference; fileEncoding = 4; lastKnownFileType = sourcecode.c.objc; path = MonitorTask.m; sourceTree = "<group>"; };
		CED0A9EB1D1E654A007B09B6 /* libtop.c */ = {isa = PBXFileReference; fileEncoding = 4; lastKnownFileType = sourcecode.c.c; path = libtop.c; sourceTree = "<group>"; };
		CED0A9ED1D1E6741007B09B6 /* libtop.h */ = {isa = PBXFileReference; lastKnownFileType = sourcecode.c.h; path = libtop.h; sourceTree = "<group>"; };
		CED0A9EE1D1E68C3007B09B6 /* rb.h */ = {isa = PBXFileReference; lastKnownFileType = sourcecode.c.h; path = rb.h; sourceTree = "<group>"; };
		CED0A9F11D1F0186007B09B6 /* iNetStat.entitlements */ = {isa = PBXFileReference; lastKnownFileType = text.xml; path = iNetStat.entitlements; sourceTree = "<group>"; };
/* End PBXFileReference section */

/* Begin PBXFrameworksBuildPhase section */
		CED0A9C81D085B83007B09B6 /* Frameworks */ = {
			isa = PBXFrameworksBuildPhase;
			buildActionMask = 2147483647;
			files = (
				812161211D16CFEB00287C1C /* AppKit.framework in Frameworks */,
			);
			runOnlyForDeploymentPostprocessing = 0;
		};
/* End PBXFrameworksBuildPhase section */

/* Begin PBXGroup section */
		812161221D16CFF500287C1C /* Framesworks */ = {
			isa = PBXGroup;
			children = (
				812161201D16CFEB00287C1C /* AppKit.framework */,
			);
			name = Framesworks;
			sourceTree = "<group>";
		};
		812161231D16D36800287C1C /* Views */ = {
			isa = PBXGroup;
			children = (
				812161241D16D3A900287C1C /* Panel.h */,
				812161251D16D3A900287C1C /* Panel.m */,
				CEAA333D1D56218100D46010 /* NSLabel.h */,
				CEAA333E1D56218100D46010 /* NSLabel.m */,
			);
			name = Views;
			sourceTree = "<group>";
		};
		812161271D16D42F00287C1C /* Controllers */ = {
			isa = PBXGroup;
			children = (
				812161281D16D47400287C1C /* PanelController.h */,
				812161291D16D47400287C1C /* PanelController.m */,
			);
			name = Controllers;
			sourceTree = "<group>";
		};
		CED0A9C21D085B83007B09B6 = {
			isa = PBXGroup;
			children = (
				CED0A9CD1D085B83007B09B6 /* iNetStat */,
				812161221D16CFF500287C1C /* Framesworks */,
				CED0A9CC1D085B83007B09B6 /* Products */,
			);
			sourceTree = "<group>";
		};
		CED0A9CC1D085B83007B09B6 /* Products */ = {
			isa = PBXGroup;
			children = (
				CED0A9CB1D085B83007B09B6 /* iNetStat.app */,
			);
			name = Products;
			sourceTree = "<group>";
		};
		CED0A9CD1D085B83007B09B6 /* iNetStat */ = {
			isa = PBXGroup;
			children = (
				CED0A9F11D1F0186007B09B6 /* iNetStat.entitlements */,
				812161271D16D42F00287C1C /* Controllers */,
				812161231D16D36800287C1C /* Views */,
				CED0A9EB1D1E654A007B09B6 /* libtop.c */,
				CED0A9ED1D1E6741007B09B6 /* libtop.h */,
				CED0A9EE1D1E68C3007B09B6 /* rb.h */,
				CED0A9CE1D085B83007B09B6 /* AppDelegate.h */,
				CED0A9CF1D085B83007B09B6 /* AppDelegate.m */,
				CED0A9DF1D085F0E007B09B6 /* AutoLaunchHelper.h */,
				CED0A9E01D085F0E007B09B6 /* AutoLaunchHelper.m */,
				CED0A9D41D085B83007B09B6 /* Assets.xcassets */,
				CED0A9D61D085B83007B09B6 /* MainMenu.xib */,
				CED0A9D91D085B83007B09B6 /* Info.plist */,
				CED0A9D11D085B83007B09B6 /* Supporting Files */,
				CED0A9E21D087288007B09B6 /* StatusItemView.h */,
				CED0A9E31D087288007B09B6 /* StatusItemView.m */,
				CED0A9E51D087663007B09B6 /* SystemThemeChangeHelper.h */,
				CED0A9E61D087663007B09B6 /* SystemThemeChangeHelper.m */,
				CED0A9E81D0B2D2E007B09B6 /* MonitorTask.h */,
				CED0A9E91D0B2D2E007B09B6 /* MonitorTask.m */,
			);
			path = iNetStat;
			sourceTree = "<group>";
		};
		CED0A9D11D085B83007B09B6 /* Supporting Files */ = {
			isa = PBXGroup;
			children = (
				CED0A9D21D085B83007B09B6 /* main.m */,
			);
			name = "Supporting Files";
			sourceTree = "<group>";
		};
/* End PBXGroup section */

/* Begin PBXNativeTarget section */
		CED0A9CA1D085B83007B09B6 /* iNetStat */ = {
			isa = PBXNativeTarget;
			buildConfigurationList = CED0A9DC1D085B83007B09B6 /* Build configuration list for PBXNativeTarget "iNetStat" */;
			buildPhases = (
				CED0A9C71D085B83007B09B6 /* Sources */,
				CED0A9C81D085B83007B09B6 /* Frameworks */,
				CED0A9C91D085B83007B09B6 /* Resources */,
			);
			buildRules = (
			);
			dependencies = (
			);
			name = iNetStat;
			productName = iNetStat;
			productReference = CED0A9CB1D085B83007B09B6 /* iNetStat.app */;
			productType = "com.apple.product-type.application";
		};
/* End PBXNativeTarget section */

/* Begin PBXProject section */
		CED0A9C31D085B83007B09B6 /* Project object */ = {
			isa = PBXProject;
			attributes = {
				LastUpgradeCheck = 0730;
				ORGANIZATIONNAME = ipanda;
				TargetAttributes = {
					CED0A9CA1D085B83007B09B6 = {
						CreatedOnToolsVersion = 7.3;
						SystemCapabilities = {
							com.apple.Sandbox = {
								enabled = 1;
							};
						};
					};
				};
			};
			buildConfigurationList = CED0A9C61D085B83007B09B6 /* Build configuration list for PBXProject "iNetStat" */;
			compatibilityVersion = "Xcode 3.2";
			developmentRegion = English;
			hasScannedForEncodings = 0;
			knownRegions = (
				en,
				Base,
			);
			mainGroup = CED0A9C21D085B83007B09B6;
			productRefGroup = CED0A9CC1D085B83007B09B6 /* Products */;
			projectDirPath = "";
			projectRoot = "";
			targets = (
				CED0A9CA1D085B83007B09B6 /* iNetStat */,
			);
		};
/* End PBXProject section */

/* Begin PBXResourcesBuildPhase section */
		CED0A9C91D085B83007B09B6 /* Resources */ = {
			isa = PBXResourcesBuildPhase;
			buildActionMask = 2147483647;
			files = (
				CED0A9D51D085B83007B09B6 /* Assets.xcassets in Resources */,
				CED0A9D81D085B83007B09B6 /* MainMenu.xib in Resources */,
			);
			runOnlyForDeploymentPostprocessing = 0;
		};
/* End PBXResourcesBuildPhase section */

/* Begin PBXSourcesBuildPhase section */
		CED0A9C71D085B83007B09B6 /* Sources */ = {
			isa = PBXSourcesBuildPhase;
			buildActionMask = 2147483647;
			files = (
				8121612A1D16D47400287C1C /* PanelController.m in Sources */,
				CED0A9EC1D1E654A007B09B6 /* libtop.c in Sources */,
				CED0A9E71D087663007B09B6 /* SystemThemeChangeHelper.m in Sources */,
				CEAA333F1D56218100D46010 /* NSLabel.m in Sources */,
				CED0A9EA1D0B2D2E007B09B6 /* MonitorTask.m in Sources */,
				CED0A9D31D085B83007B09B6 /* main.m in Sources */,
				812161261D16D3A900287C1C /* Panel.m in Sources */,
				CED0A9E41D087288007B09B6 /* StatusItemView.m in Sources */,
				CED0A9E11D085F0E007B09B6 /* AutoLaunchHelper.m in Sources */,
				CED0A9D01D085B83007B09B6 /* AppDelegate.m in Sources */,
			);
			runOnlyForDeploymentPostprocessing = 0;
		};
/* End PBXSourcesBuildPhase section */

/* Begin PBXVariantGroup section */
		CED0A9D61D085B83007B09B6 /* MainMenu.xib */ = {
			isa = PBXVariantGroup;
			children = (
				CED0A9D71D085B83007B09B6 /* Base */,
			);
			name = MainMenu.xib;
			sourceTree = "<group>";
		};
/* End PBXVariantGroup section */

/* Begin XCBuildConfiguration section */
		CED0A9DA1D085B83007B09B6 /* Debug */ = {
			isa = XCBuildConfiguration;
			buildSettings = {
				ALWAYS_SEARCH_USER_PATHS = NO;
				CLANG_ANALYZER_NONNULL = YES;
				CLANG_CXX_LANGUAGE_STANDARD = "gnu++0x";
				CLANG_CXX_LIBRARY = "libc++";
				CLANG_ENABLE_MODULES = YES;
				CLANG_ENABLE_OBJC_ARC = YES;
				CLANG_WARN_BOOL_CONVERSION = YES;
				CLANG_WARN_CONSTANT_CONVERSION = YES;
				CLANG_WARN_DIRECT_OBJC_ISA_USAGE = YES_ERROR;
				CLANG_WARN_EMPTY_BODY = YES;
				CLANG_WARN_ENUM_CONVERSION = YES;
				CLANG_WARN_INT_CONVERSION = YES;
				CLANG_WARN_OBJC_ROOT_CLASS = YES_ERROR;
				CLANG_WARN_UNREACHABLE_CODE = YES;
				CLANG_WARN__DUPLICATE_METHOD_MATCH = YES;
				CODE_SIGN_IDENTITY = "-";
				COPY_PHASE_STRIP = NO;
				DEBUG_INFORMATION_FORMAT = dwarf;
				ENABLE_STRICT_OBJC_MSGSEND = YES;
				ENABLE_TESTABILITY = YES;
				GCC_C_LANGUAGE_STANDARD = gnu99;
				GCC_DYNAMIC_NO_PIC = NO;
				GCC_NO_COMMON_BLOCKS = YES;
				GCC_OPTIMIZATION_LEVEL = 0;
				GCC_PREPROCESSOR_DEFINITIONS = (
					"DEBUG=1",
					"$(inherited)",
				);
				GCC_WARN_64_TO_32_BIT_CONVERSION = YES;
				GCC_WARN_ABOUT_RETURN_TYPE = YES_ERROR;
				GCC_WARN_UNDECLARED_SELECTOR = YES;
				GCC_WARN_UNINITIALIZED_AUTOS = YES_AGGRESSIVE;
				GCC_WARN_UNUSED_FUNCTION = YES;
				GCC_WARN_UNUSED_VARIABLE = YES;
				MACOSX_DEPLOYMENT_TARGET = 10.11;
				MTL_ENABLE_DEBUG_INFO = YES;
				ONLY_ACTIVE_ARCH = YES;
				SDKROOT = macosx;
			};
			name = Debug;
		};
		CED0A9DB1D085B83007B09B6 /* Release */ = {
			isa = XCBuildConfiguration;
			buildSettings = {
				ALWAYS_SEARCH_USER_PATHS = NO;
				CLANG_ANALYZER_NONNULL = YES;
				CLANG_CXX_LANGUAGE_STANDARD = "gnu++0x";
				CLANG_CXX_LIBRARY = "libc++";
				CLANG_ENABLE_MODULES = YES;
				CLANG_ENABLE_OBJC_ARC = YES;
				CLANG_WARN_BOOL_CONVERSION = YES;
				CLANG_WARN_CONSTANT_CONVERSION = YES;
				CLANG_WARN_DIRECT_OBJC_ISA_USAGE = YES_ERROR;
				CLANG_WARN_EMPTY_BODY = YES;
				CLANG_WARN_ENUM_CONVERSION = YES;
				CLANG_WARN_INT_CONVERSION = YES;
				CLANG_WARN_OBJC_ROOT_CLASS = YES_ERROR;
				CLANG_WARN_UNREACHABLE_CODE = YES;
				CLANG_WARN__DUPLICATE_METHOD_MATCH = YES;
				CODE_SIGN_IDENTITY = "-";
				COPY_PHASE_STRIP = NO;
				DEBUG_INFORMATION_FORMAT = "dwarf-with-dsym";
				ENABLE_NS_ASSERTIONS = NO;
				ENABLE_STRICT_OBJC_MSGSEND = YES;
				GCC_C_LANGUAGE_STANDARD = gnu99;
				GCC_NO_COMMON_BLOCKS = YES;
				GCC_WARN_64_TO_32_BIT_CONVERSION = YES;
				GCC_WARN_ABOUT_RETURN_TYPE = YES_ERROR;
				GCC_WARN_UNDECLARED_SELECTOR = YES;
				GCC_WARN_UNINITIALIZED_AUTOS = YES_AGGRESSIVE;
				GCC_WARN_UNUSED_FUNCTION = YES;
				GCC_WARN_UNUSED_VARIABLE = YES;
				MACOSX_DEPLOYMENT_TARGET = 10.11;
				MTL_ENABLE_DEBUG_INFO = NO;
				SDKROOT = macosx;
			};
			name = Release;
		};
		CED0A9DD1D085B83007B09B6 /* Debug */ = {
			isa = XCBuildConfiguration;
			buildSettings = {
				ASSETCATALOG_COMPILER_APPICON_NAME = AppIcon;
				CODE_SIGN_ENTITLEMENTS = iNetStat/iNetStat.entitlements;
				COMBINE_HIDPI_IMAGES = YES;
				INFOPLIST_FILE = iNetStat/Info.plist;
				LD_RUNPATH_SEARCH_PATHS = "$(inherited) @executable_path/../Frameworks";
				PRODUCT_BUNDLE_IDENTIFIER = com.ipanda.iNetStat;
				PRODUCT_NAME = "$(TARGET_NAME)";
			};
			name = Debug;
		};
		CED0A9DE1D085B83007B09B6 /* Release */ = {
			isa = XCBuildConfiguration;
			buildSettings = {
				ASSETCATALOG_COMPILER_APPICON_NAME = AppIcon;
				CODE_SIGN_ENTITLEMENTS = iNetStat/iNetStat.entitlements;
				COMBINE_HIDPI_IMAGES = YES;
				INFOPLIST_FILE = iNetStat/Info.plist;
				LD_RUNPATH_SEARCH_PATHS = "$(inherited) @executable_path/../Frameworks";
				PRODUCT_BUNDLE_IDENTIFIER = com.ipanda.iNetStat;
				PRODUCT_NAME = "$(TARGET_NAME)";
			};
			name = Release;
		};
		CED0A9EF1D1F008B007B09B6 /* MacApp */ = {
			isa = XCBuildConfiguration;
			buildSettings = {
				ALWAYS_SEARCH_USER_PATHS = NO;
				CLANG_ANALYZER_NONNULL = YES;
				CLANG_CXX_LANGUAGE_STANDARD = "gnu++0x";
				CLANG_CXX_LIBRARY = "libc++";
				CLANG_ENABLE_MODULES = YES;
				CLANG_ENABLE_OBJC_ARC = YES;
				CLANG_WARN_BOOL_CONVERSION = YES;
				CLANG_WARN_CONSTANT_CONVERSION = YES;
				CLANG_WARN_DIRECT_OBJC_ISA_USAGE = YES_ERROR;
				CLANG_WARN_EMPTY_BODY = YES;
				CLANG_WARN_ENUM_CONVERSION = YES;
				CLANG_WARN_INT_CONVERSION = YES;
				CLANG_WARN_OBJC_ROOT_CLASS = YES_ERROR;
				CLANG_WARN_UNREACHABLE_CODE = YES;
				CLANG_WARN__DUPLICATE_METHOD_MATCH = YES;
				CODE_SIGN_IDENTITY = "-";
				COPY_PHASE_STRIP = NO;
				DEBUG_INFORMATION_FORMAT = "dwarf-with-dsym";
				ENABLE_NS_ASSERTIONS = NO;
				ENABLE_STRICT_OBJC_MSGSEND = YES;
				GCC_C_LANGUAGE_STANDARD = gnu99;
				GCC_NO_COMMON_BLOCKS = YES;
				GCC_WARN_64_TO_32_BIT_CONVERSION = YES;
				GCC_WARN_ABOUT_RETURN_TYPE = YES_ERROR;
				GCC_WARN_UNDECLARED_SELECTOR = YES;
				GCC_WARN_UNINITIALIZED_AUTOS = YES_AGGRESSIVE;
				GCC_WARN_UNUSED_FUNCTION = YES;
				GCC_WARN_UNUSED_VARIABLE = YES;
				MACOSX_DEPLOYMENT_TARGET = 10.11;
				MTL_ENABLE_DEBUG_INFO = NO;
				SDKROOT = macosx;
			};
			name = MacApp;
		};
		CED0A9F01D1F008B007B09B6 /* MacApp */ = {
			isa = XCBuildConfiguration;
			buildSettings = {
				ASSETCATALOG_COMPILER_APPICON_NAME = AppIcon;
				CODE_SIGN_ENTITLEMENTS = iNetStat/iNetStat.entitlements;
				COMBINE_HIDPI_IMAGES = YES;
				INFOPLIST_FILE = iNetStat/Info.plist;
				LD_RUNPATH_SEARCH_PATHS = "$(inherited) @executable_path/../Frameworks";
				PRODUCT_BUNDLE_IDENTIFIER = com.ipanda.iNetStat;
				PRODUCT_NAME = "$(TARGET_NAME)";
			};
			name = MacApp;
		};
/* End XCBuildConfiguration section */

/* Begin XCConfigurationList section */
		CED0A9C61D085B83007B09B6 /* Build configuration list for PBXProject "iNetStat" */ = {
			isa = XCConfigurationList;
			buildConfigurations = (
				CED0A9DA1D085B83007B09B6 /* Debug */,
				CED0A9DB1D085B83007B09B6 /* Release */,
				CED0A9EF1D1F008B007B09B6 /* MacApp */,
			);
			defaultConfigurationIsVisible = 0;
			defaultConfigurationName = Release;
		};
		CED0A9DC1D085B83007B09B6 /* Build configuration list for PBXNativeTarget "iNetStat" */ = {
			isa = XCConfigurationList;
			buildConfigurations = (
				CED0A9DD1D085B83007B09B6 /* Debug */,
				CED0A9DE1D085B83007B09B6 /* Release */,
				CED0A9F01D1F008B007B09B6 /* MacApp */,
			);
			defaultConfigurationIsVisible = 0;
			defaultConfigurationName = Release;
		};
/* End XCConfigurationList section */
	};
	rootObject = CED0A9C31D085B83007B09B6 /* Project object */;
}
